
Microsoft Visual Studio Solution File, Format Version 12.00
# Visual Studio 15
VisualStudioVersion = 15.0.27004.2010
MinimumVisualStudioVersion = 10.0.40219.1
Project("{888888A0-9F3D-457C-B088-3A5042F75D52}") = "Courses", "Courses\Courses.pyproj", "{025B859F-91AE-4C8A-A47A-428B2D610A26}"
EndProject
Global
	GlobalSection(SolutionConfigurationPlatforms) = preSolution
		Debug|Any CPU = Debug|Any CPU
		Release|Any CPU = Release|Any CPU
	EndGlobalSection
	GlobalSection(ProjectConfigurationPlatforms) = postSolution
		{025B859F-91AE-4C8A-A47A-428B2D610A26}.Debug|Any CPU.ActiveCfg = Debug|Any CPU
		{025B859F-91AE-4C8A-A47A-428B2D610A26}.Release|Any CPU.ActiveCfg = Release|Any CPU
	EndGlobalSection
	GlobalSection(SolutionProperties) = preSolution
		HideSolutionNode = FALSE
	EndGlobalSection
	GlobalSection(ExtensibilityGlobals) = postSolution
		SolutionGuid = {08753074-B972-4014-B325-A95490453268}
	EndGlobalSection
EndGlobal
